
Microsoft Visual Studio Solution File, Format Version 12.00
# Visual Studio Version 17
VisualStudioVersion = 17.7.34018.315
MinimumVisualStudioVersion = 10.0.40219.1
Project("{9A19103F-16F7-4668-BE54-9A1E7A4F7556}") = "Entidades", "Entidades\Entidades.csproj", "{EF2D6C9F-995B-4B93-8169-42C822405D8D}"
EndProject
Project("{9A19103F-16F7-4668-BE54-9A1E7A4F7556}") = "WinFormsCRUD", "WinFormsCRUD\WinFormsCRUD.csproj", "{A17F8892-100A-4542-A67C-471F32FA1601}"
EndProject
Project("{FAE04EC0-301F-11D3-BF4B-00C04F79EFBC}") = "TestProyecto", "TestProyecto\TestProyecto.csproj", "{9C63442D-3848-4466-AC4A-F95A2ABF77FA}"
EndProject
Global
	GlobalSection(SolutionConfigurationPlatforms) = preSolution
		Debug|Any CPU = Debug|Any CPU
		Release|Any CPU = Release|Any CPU
	EndGlobalSection
	GlobalSection(ProjectConfigurationPlatforms) = postSolution
		{EF2D6C9F-995B-4B93-8169-42C822405D8D}.Debug|Any CPU.ActiveCfg = Debug|Any CPU
		{EF2D6C9F-995B-4B93-8169-42C822405D8D}.Debug|Any CPU.Build.0 = Debug|Any CPU
		{EF2D6C9F-995B-4B93-8169-42C822405D8D}.Release|Any CPU.ActiveCfg = Release|Any CPU
		{EF2D6C9F-995B-4B93-8169-42C822405D8D}.Release|Any CPU.Build.0 = Release|Any CPU
		{A17F8892-100A-4542-A67C-471F32FA1601}.Debug|Any CPU.ActiveCfg = Debug|Any CPU
		{A17F8892-100A-4542-A67C-471F32FA1601}.Debug|Any CPU.Build.0 = Debug|Any CPU
		{A17F8892-100A-4542-A67C-471F32FA1601}.Release|Any CPU.ActiveCfg = Release|Any CPU
		{A17F8892-100A-4542-A67C-471F32FA1601}.Release|Any CPU.Build.0 = Release|Any CPU
		{9C63442D-3848-4466-AC4A-F95A2ABF77FA}.Debug|Any CPU.ActiveCfg = Debug|Any CPU
		{9C63442D-3848-4466-AC4A-F95A2ABF77FA}.Debug|Any CPU.Build.0 = Debug|Any CPU
		{9C63442D-3848-4466-AC4A-F95A2ABF77FA}.Release|Any CPU.ActiveCfg = Release|Any CPU
		{9C63442D-3848-4466-AC4A-F95A2ABF77FA}.Release|Any CPU.Build.0 = Release|Any CPU
	EndGlobalSection
	GlobalSection(SolutionProperties) = preSolution
		HideSolutionNode = FALSE
	EndGlobalSection
	GlobalSection(ExtensibilityGlobals) = postSolution
		SolutionGuid = {B7054D18-050B-4818-BE7C-7DAA7909246F}
	EndGlobalSection
EndGlobal
